
Microsoft Visual Studio Solution File, Format Version 12.00
# Visual Studio 15
VisualStudioVersion = 15.0.27130.0
MinimumVisualStudioVersion = 10.0.40219.1
Project("{FAE04EC0-301F-11D3-BF4B-00C04F79EFBC}") = "GUI", "GUI\GUI.csproj", "{9CEA51CB-42F7-4DBF-9458-47A71D420479}"
EndProject
Project("{FAE04EC0-301F-11D3-BF4B-00C04F79EFBC}") = "Model", "Model\Model.csproj", "{6A23DBDF-2F9D-4775-87B0-E790521103CD}"
EndProject
Project("{FAE04EC0-301F-11D3-BF4B-00C04F79EFBC}") = "Open3D", "Open3D\Open3D.csproj", "{4A05399B-8DCC-489B-8551-9EEFA85B4D8C}"
EndProject
Project("{FAE04EC0-301F-11D3-BF4B-00C04F79EFBC}") = "Zenseless.Base", "_Common\Zenseless.Base\Zenseless.Base.csproj", "{6E8350F9-C711-4F67-B964-7215AAB5A98E}"
EndProject
Project("{FAE04EC0-301F-11D3-BF4B-00C04F79EFBC}") = "Zenseless.Geometry", "_Common\Zenseless.Geometry\Zenseless.Geometry.csproj", "{E46F4516-C535-4245-B6F4-FA3E75563245}"
EndProject
Project("{FAE04EC0-301F-11D3-BF4B-00C04F79EFBC}") = "Zenseless.OpenGL", "_Common\Zenseless.OpenGL\Zenseless.OpenGL.csproj", "{CE298C1A-8B9F-4822-8C06-8B057B14CECB}"
EndProject
Project("{FAE04EC0-301F-11D3-BF4B-00C04F79EFBC}") = "Zenseless.HLGL", "_Common\Zenseless.HLGL\Zenseless.HLGL.csproj", "{227D6BE1-BA08-4030-A755-07288540931F}"
EndProject
Project("{FAE04EC0-301F-11D3-BF4B-00C04F79EFBC}") = "Model3D", "Model3D\Model3D.csproj", "{835609F4-9A82-4AD0-8DE2-0656B839F45C}"
EndProject
Global
	GlobalSection(SolutionConfigurationPlatforms) = preSolution
		Debug|Any CPU = Debug|Any CPU
		Debug|x86 = Debug|x86
		Release|Any CPU = Release|Any CPU
		Release|x86 = Release|x86
	EndGlobalSection
	GlobalSection(ProjectConfigurationPlatforms) = postSolution
		{9CEA51CB-42F7-4DBF-9458-47A71D420479}.Debug|Any CPU.ActiveCfg = Debug|Any CPU
		{9CEA51CB-42F7-4DBF-9458-47A71D420479}.Debug|Any CPU.Build.0 = Debug|Any CPU
		{9CEA51CB-42F7-4DBF-9458-47A71D420479}.Debug|x86.ActiveCfg = Debug|Any CPU
		{9CEA51CB-42F7-4DBF-9458-47A71D420479}.Debug|x86.Build.0 = Debug|Any CPU
		{9CEA51CB-42F7-4DBF-9458-47A71D420479}.Release|Any CPU.ActiveCfg = Release|Any CPU
		{9CEA51CB-42F7-4DBF-9458-47A71D420479}.Release|Any CPU.Build.0 = Release|Any CPU
		{9CEA51CB-42F7-4DBF-9458-47A71D420479}.Release|x86.ActiveCfg = Release|Any CPU
		{9CEA51CB-42F7-4DBF-9458-47A71D420479}.Release|x86.Build.0 = Release|Any CPU
		{6A23DBDF-2F9D-4775-87B0-E790521103CD}.Debug|Any CPU.ActiveCfg = Debug|Any CPU
		{6A23DBDF-2F9D-4775-87B0-E790521103CD}.Debug|Any CPU.Build.0 = Debug|Any CPU
		{6A23DBDF-2F9D-4775-87B0-E790521103CD}.Debug|x86.ActiveCfg = Debug|x86
		{6A23DBDF-2F9D-4775-87B0-E790521103CD}.Debug|x86.Build.0 = Debug|x86
		{6A23DBDF-2F9D-4775-87B0-E790521103CD}.Release|Any CPU.ActiveCfg = Release|Any CPU
		{6A23DBDF-2F9D-4775-87B0-E790521103CD}.Release|Any CPU.Build.0 = Release|Any CPU
		{6A23DBDF-2F9D-4775-87B0-E790521103CD}.Release|x86.ActiveCfg = Release|x86
		{6A23DBDF-2F9D-4775-87B0-E790521103CD}.Release|x86.Build.0 = Release|x86
		{4A05399B-8DCC-489B-8551-9EEFA85B4D8C}.Debug|Any CPU.ActiveCfg = Debug|Any CPU
		{4A05399B-8DCC-489B-8551-9EEFA85B4D8C}.Debug|Any CPU.Build.0 = Debug|Any CPU
		{4A05399B-8DCC-489B-8551-9EEFA85B4D8C}.Debug|x86.ActiveCfg = Debug|Any CPU
		{4A05399B-8DCC-489B-8551-9EEFA85B4D8C}.Debug|x86.Build.0 = Debug|Any CPU
		{4A05399B-8DCC-489B-8551-9EEFA85B4D8C}.Release|Any CPU.ActiveCfg = Release|Any CPU
		{4A05399B-8DCC-489B-8551-9EEFA85B4D8C}.Release|Any CPU.Build.0 = Release|Any CPU
		{4A05399B-8DCC-489B-8551-9EEFA85B4D8C}.Release|x86.ActiveCfg = Release|Any CPU
		{4A05399B-8DCC-489B-8551-9EEFA85B4D8C}.Release|x86.Build.0 = Release|Any CPU
		{6E8350F9-C711-4F67-B964-7215AAB5A98E}.Debug|Any CPU.ActiveCfg = Debug|Any CPU
		{6E8350F9-C711-4F67-B964-7215AAB5A98E}.Debug|Any CPU.Build.0 = Debug|Any CPU
		{6E8350F9-C711-4F67-B964-7215AAB5A98E}.Debug|x86.ActiveCfg = Debug|Any CPU
		{6E8350F9-C711-4F67-B964-7215AAB5A98E}.Debug|x86.Build.0 = Debug|Any CPU
		{6E8350F9-C711-4F67-B964-7215AAB5A98E}.Release|Any CPU.ActiveCfg = Release|Any CPU
		{6E8350F9-C711-4F67-B964-7215AAB5A98E}.Release|Any CPU.Build.0 = Release|Any CPU
		{6E8350F9-C711-4F67-B964-7215AAB5A98E}.Release|x86.ActiveCfg = Release|Any CPU
		{6E8350F9-C711-4F67-B964-7215AAB5A98E}.Release|x86.Build.0 = Release|Any CPU
		{E46F4516-C535-4245-B6F4-FA3E75563245}.Debug|Any CPU.ActiveCfg = Debug|Any CPU
		{E46F4516-C535-4245-B6F4-FA3E75563245}.Debug|Any CPU.Build.0 = Debug|Any CPU
		{E46F4516-C535-4245-B6F4-FA3E75563245}.Debug|x86.ActiveCfg = Debug|Any CPU
		{E46F4516-C535-4245-B6F4-FA3E75563245}.Debug|x86.Build.0 = Debug|Any CPU
		{E46F4516-C535-4245-B6F4-FA3E75563245}.Release|Any CPU.ActiveCfg = Release|Any CPU
		{E46F4516-C535-4245-B6F4-FA3E75563245}.Release|Any CPU.Build.0 = Release|Any CPU
		{E46F4516-C535-4245-B6F4-FA3E75563245}.Release|x86.ActiveCfg = Release|Any CPU
		{E46F4516-C535-4245-B6F4-FA3E75563245}.Release|x86.Build.0 = Release|Any CPU
		{CE298C1A-8B9F-4822-8C06-8B057B14CECB}.Debug|Any CPU.ActiveCfg = Debug|Any CPU
		{CE298C1A-8B9F-4822-8C06-8B057B14CECB}.Debug|Any CPU.Build.0 = Debug|Any CPU
		{CE298C1A-8B9F-4822-8C06-8B057B14CECB}.Debug|x86.ActiveCfg = Debug|Any CPU
		{CE298C1A-8B9F-4822-8C06-8B057B14CECB}.Debug|x86.Build.0 = Debug|Any CPU
		{CE298C1A-8B9F-4822-8C06-8B057B14CECB}.Release|Any CPU.ActiveCfg = Release|Any CPU
		{CE298C1A-8B9F-4822-8C06-8B057B14CECB}.Release|Any CPU.Build.0 = Release|Any CPU
		{CE298C1A-8B9F-4822-8C06-8B057B14CECB}.Release|x86.ActiveCfg = Release|Any CPU
		{CE298C1A-8B9F-4822-8C06-8B057B14CECB}.Release|x86.Build.0 = Release|Any CPU
		{227D6BE1-BA08-4030-A755-07288540931F}.Debug|Any CPU.ActiveCfg = Debug|Any CPU
		{227D6BE1-BA08-4030-A755-07288540931F}.Debug|Any CPU.Build.0 = Debug|Any CPU
		{227D6BE1-BA08-4030-A755-07288540931F}.Debug|x86.ActiveCfg = Debug|Any CPU
		{227D6BE1-BA08-4030-A755-07288540931F}.Debug|x86.Build.0 = Debug|Any CPU
		{227D6BE1-BA08-4030-A755-07288540931F}.Release|Any CPU.ActiveCfg = Release|Any CPU
		{227D6BE1-BA08-4030-A755-07288540931F}.Release|Any CPU.Build.0 = Release|Any CPU
		{227D6BE1-BA08-4030-A755-07288540931F}.Release|x86.ActiveCfg = Release|Any CPU
		{227D6BE1-BA08-4030-A755-07288540931F}.Release|x86.Build.0 = Release|Any CPU
		{835609F4-9A82-4AD0-8DE2-0656B839F45C}.Debug|Any CPU.ActiveCfg = Debug|Any CPU
		{835609F4-9A82-4AD0-8DE2-0656B839F45C}.Debug|Any CPU.Build.0 = Debug|Any CPU
		{835609F4-9A82-4AD0-8DE2-0656B839F45C}.Debug|x86.ActiveCfg = Debug|Any CPU
		{835609F4-9A82-4AD0-8DE2-0656B839F45C}.Debug|x86.Build.0 = Debug|Any CPU
		{835609F4-9A82-4AD0-8DE2-0656B839F45C}.Release|Any CPU.ActiveCfg = Release|Any CPU
		{835609F4-9A82-4AD0-8DE2-0656B839F45C}.Release|Any CPU.Build.0 = Release|Any CPU
		{835609F4-9A82-4AD0-8DE2-0656B839F45C}.Release|x86.ActiveCfg = Release|Any CPU
		{835609F4-9A82-4AD0-8DE2-0656B839F45C}.Release|x86.Build.0 = Release|Any CPU
	EndGlobalSection
	GlobalSection(SolutionProperties) = preSolution
		HideSolutionNode = FALSE
	EndGlobalSection
	GlobalSection(ExtensibilityGlobals) = postSolution
		SolutionGuid = {F1979B0A-B1C5-4C44-94E1-ECCAC4E40DCC}
	EndGlobalSection
EndGlobal
